
Microsoft Visual Studio Solution File, Format Version 12.00
# Visual Studio Version 17
VisualStudioVersion = 17.6.33723.286
MinimumVisualStudioVersion = 10.0.40219.1
Project("{FAE04EC0-301F-11D3-BF4B-00C04F79EFBC}") = "YunoCad", "YunoCad\YunoCad.csproj", "{F29F9BB3-CFE3-43EA-BCBD-6C970571DB2F}"
EndProject
Project("{FAE04EC0-301F-11D3-BF4B-00C04F79EFBC}") = "YunoCadTest", "YunoCadTest\YunoCadTest.csproj", "{CE3BF10E-ECBB-45D0-86F9-568D54C16B01}"
EndProject
Global
	GlobalSection(SolutionConfigurationPlatforms) = preSolution
		Debug|Any CPU = Debug|Any CPU
		Release|Any CPU = Release|Any CPU
	EndGlobalSection
	GlobalSection(ProjectConfigurationPlatforms) = postSolution
		{F29F9BB3-CFE3-43EA-BCBD-6C970571DB2F}.Debug|Any CPU.ActiveCfg = Debug|Any CPU
		{F29F9BB3-CFE3-43EA-BCBD-6C970571DB2F}.Debug|Any CPU.Build.0 = Debug|Any CPU
		{F29F9BB3-CFE3-43EA-BCBD-6C970571DB2F}.Release|Any CPU.ActiveCfg = Release|Any CPU
		{F29F9BB3-CFE3-43EA-BCBD-6C970571DB2F}.Release|Any CPU.Build.0 = Release|Any CPU
		{CE3BF10E-ECBB-45D0-86F9-568D54C16B01}.Debug|Any CPU.ActiveCfg = Debug|Any CPU
		{CE3BF10E-ECBB-45D0-86F9-568D54C16B01}.Debug|Any CPU.Build.0 = Debug|Any CPU
		{CE3BF10E-ECBB-45D0-86F9-568D54C16B01}.Release|Any CPU.ActiveCfg = Release|Any CPU
		{CE3BF10E-ECBB-45D0-86F9-568D54C16B01}.Release|Any CPU.Build.0 = Release|Any CPU
	EndGlobalSection
	GlobalSection(SolutionProperties) = preSolution
		HideSolutionNode = FALSE
	EndGlobalSection
	GlobalSection(ExtensibilityGlobals) = postSolution
		SolutionGuid = {B49003AE-0D27-406B-8E72-2E000390F719}
	EndGlobalSection
EndGlobal
